// !$*UTF8*$!
{
	archiveVersion = 1;
	classes = {
	};
	objectVersion = 55;
	objects = {

/* Begin PBXBuildFile section */
		F2AAE9F627102D150022611F /* LoginTask3CXApp.swift in Sources */ = {isa = PBXBuildFile; fileRef = F2AAE9F527102D150022611F /* LoginTask3CXApp.swift */; };
		F2AAE9F827102D150022611F /* ContentView.swift in Sources */ = {isa = PBXBuildFile; fileRef = F2AAE9F727102D150022611F /* ContentView.swift */; };
		F2AAE9FA27102D160022611F /* Assets.xcassets in Resources */ = {isa = PBXBuildFile; fileRef = F2AAE9F927102D160022611F /* Assets.xcassets */; };
		F2AAE9FD27102D160022611F /* Preview Assets.xcassets in Resources */ = {isa = PBXBuildFile; fileRef = F2AAE9FC27102D160022611F /* Preview Assets.xcassets */; };
		F2AAEA0A271033E10022611F /* LoginView.swift in Sources */ = {isa = PBXBuildFile; fileRef = F2AAEA09271033E10022611F /* LoginView.swift */; };
		F2AAEA0C271036530022611F /* LoginViewModel.swift in Sources */ = {isa = PBXBuildFile; fileRef = F2AAEA0B271036530022611F /* LoginViewModel.swift */; };
		F2AAEA10271036DB0022611F /* LoadingView.swift in Sources */ = {isa = PBXBuildFile; fileRef = F2AAEA0F271036DB0022611F /* LoadingView.swift */; };
		F2AAEA13271037010022611F /* LoadingIndicator.swift in Sources */ = {isa = PBXBuildFile; fileRef = F2AAEA12271037010022611F /* LoadingIndicator.swift */; };
		F2AAEA15271037100022611F /* TextFields.swift in Sources */ = {isa = PBXBuildFile; fileRef = F2AAEA14271037100022611F /* TextFields.swift */; };
/* End PBXBuildFile section */

/* Begin PBXFileReference section */
		F2AAE9F227102D150022611F /* LoginTask3CX.app */ = {isa = PBXFileReference; explicitFileType = wrapper.application; includeInIndex = 0; path = LoginTask3CX.app; sourceTree = BUILT_PRODUCTS_DIR; };
		F2AAE9F527102D150022611F /* LoginTask3CXApp.swift */ = {isa = PBXFileReference; lastKnownFileType = sourcecode.swift; path = LoginTask3CXApp.swift; sourceTree = "<group>"; };
		F2AAE9F727102D150022611F /* ContentView.swift */ = {isa = PBXFileReference; lastKnownFileType = sourcecode.swift; path = ContentView.swift; sourceTree = "<group>"; };
		F2AAE9F927102D160022611F /* Assets.xcassets */ = {isa = PBXFileReference; lastKnownFileType = folder.assetcatalog; path = Assets.xcassets; sourceTree = "<group>"; };
		F2AAE9FC27102D160022611F /* Preview Assets.xcassets */ = {isa = PBXFileReference; lastKnownFileType = folder.assetcatalog; path = "Preview Assets.xcassets"; sourceTree = "<group>"; };
		F2AAEA09271033E10022611F /* LoginView.swift */ = {isa = PBXFileReference; lastKnownFileType = sourcecode.swift; path = LoginView.swift; sourceTree = "<group>"; };
		F2AAEA0B271036530022611F /* LoginViewModel.swift */ = {isa = PBXFileReference; lastKnownFileType = sourcecode.swift; path = LoginViewModel.swift; sourceTree = "<group>"; };
		F2AAEA0F271036DB0022611F /* LoadingView.swift */ = {isa = PBXFileReference; lastKnownFileType = sourcecode.swift; path = LoadingView.swift; sourceTree = "<group>"; };
		F2AAEA12271037010022611F /* LoadingIndicator.swift */ = {isa = PBXFileReference; lastKnownFileType = sourcecode.swift; path = LoadingIndicator.swift; sourceTree = "<group>"; };
		F2AAEA14271037100022611F /* TextFields.swift */ = {isa = PBXFileReference; lastKnownFileType = sourcecode.swift; path = TextFields.swift; sourceTree = "<group>"; };
/* End PBXFileReference section */

/* Begin PBXFrameworksBuildPhase section */
		F2AAE9EF27102D150022611F /* Frameworks */ = {
			isa = PBXFrameworksBuildPhase;
			buildActionMask = 2147483647;
			files = (
			);
			runOnlyForDeploymentPostprocessing = 0;
		};
/* End PBXFrameworksBuildPhase section */

/* Begin PBXGroup section */
		F2AAE9E927102D150022611F = {
			isa = PBXGroup;
			children = (
				F2AAE9F427102D150022611F /* LoginTask3CX */,
				F2AAE9F327102D150022611F /* Products */,
			);
			sourceTree = "<group>";
		};
		F2AAE9F327102D150022611F /* Products */ = {
			isa = PBXGroup;
			children = (
				F2AAE9F227102D150022611F /* LoginTask3CX.app */,
			);
			name = Products;
			sourceTree = "<group>";
		};
		F2AAE9F427102D150022611F /* LoginTask3CX */ = {
			isa = PBXGroup;
			children = (
				F2AAEA032710327B0022611F /* Main */,
				F2AAEA04271032DB0022611F /* Model */,
				F2AAEA05271032E10022611F /* Utilities */,
				F2AAEA06271032ED0022611F /* ViewModels */,
				F2AAEA07271032F90022611F /* Views */,
				F2AAEA08271033040022611F /* Resources */,
				F2AAE9FB27102D160022611F /* Preview Content */,
			);
			path = LoginTask3CX;
			sourceTree = "<group>";
		};
		F2AAE9FB27102D160022611F /* Preview Content */ = {
			isa = PBXGroup;
			children = (
				F2AAE9FC27102D160022611F /* Preview Assets.xcassets */,
			);
			path = "Preview Content";
			sourceTree = "<group>";
		};
		F2AAEA032710327B0022611F /* Main */ = {
			isa = PBXGroup;
			children = (
				F2AAE9F527102D150022611F /* LoginTask3CXApp.swift */,
				F2AAE9F727102D150022611F /* ContentView.swift */,
			);
			path = Main;
			sourceTree = "<group>";
		};
		F2AAEA04271032DB0022611F /* Model */ = {
			isa = PBXGroup;
			children = (
			);
			path = Model;
			sourceTree = "<group>";
		};
		F2AAEA05271032E10022611F /* Utilities */ = {
			isa = PBXGroup;
			children = (
			);
			path = Utilities;
			sourceTree = "<group>";
		};
		F2AAEA06271032ED0022611F /* ViewModels */ = {
			isa = PBXGroup;
			children = (
				F2AAEA0B271036530022611F /* LoginViewModel.swift */,
			);
			path = ViewModels;
			sourceTree = "<group>";
		};
		F2AAEA07271032F90022611F /* Views */ = {
			isa = PBXGroup;
			children = (
				F2AAEA0D271036AB0022611F /* ReusableViews */,
				F2AAEA09271033E10022611F /* LoginView.swift */,
			);
			path = Views;
			sourceTree = "<group>";
		};
		F2AAEA08271033040022611F /* Resources */ = {
			isa = PBXGroup;
			children = (
				F2AAE9F927102D160022611F /* Assets.xcassets */,
			);
			path = Resources;
			sourceTree = "<group>";
		};
		F2AAEA0D271036AB0022611F /* ReusableViews */ = {
			isa = PBXGroup;
			children = (
				F2AAEA0F271036DB0022611F /* LoadingView.swift */,
				F2AAEA12271037010022611F /* LoadingIndicator.swift */,
				F2AAEA14271037100022611F /* TextFields.swift */,
			);
			path = ReusableViews;
			sourceTree = "<group>";
		};
/* End PBXGroup section */

/* Begin PBXNativeTarget section */
		F2AAE9F127102D150022611F /* LoginTask3CX */ = {
			isa = PBXNativeTarget;
			buildConfigurationList = F2AAEA0027102D170022611F /* Build configuration list for PBXNativeTarget "LoginTask3CX" */;
			buildPhases = (
				F2AAE9EE27102D150022611F /* Sources */,
				F2AAE9EF27102D150022611F /* Frameworks */,
				F2AAE9F027102D150022611F /* Resources */,
			);
			buildRules = (
			);
			dependencies = (
			);
			name = LoginTask3CX;
			productName = LoginTask3CX;
			productReference = F2AAE9F227102D150022611F /* LoginTask3CX.app */;
			productType = "com.apple.product-type.application";
		};
/* End PBXNativeTarget section */

/* Begin PBXProject section */
		F2AAE9EA27102D150022611F /* Project object */ = {
			isa = PBXProject;
			attributes = {
				BuildIndependentTargetsInParallel = 1;
				LastSwiftUpdateCheck = 1300;
				LastUpgradeCheck = 1300;
				TargetAttributes = {
					F2AAE9F127102D150022611F = {
						CreatedOnToolsVersion = 13.0;
					};
				};
			};
			buildConfigurationList = F2AAE9ED27102D150022611F /* Build configuration list for PBXProject "LoginTask3CX" */;
			compatibilityVersion = "Xcode 13.0";
			developmentRegion = en;
			hasScannedForEncodings = 0;
			knownRegions = (
				en,
				Base,
			);
			mainGroup = F2AAE9E927102D150022611F;
			productRefGroup = F2AAE9F327102D150022611F /* Products */;
			projectDirPath = "";
			projectRoot = "";
			targets = (
				F2AAE9F127102D150022611F /* LoginTask3CX */,
			);
		};
/* End PBXProject section */

/* Begin PBXResourcesBuildPhase section */
		F2AAE9F027102D150022611F /* Resources */ = {
			isa = PBXResourcesBuildPhase;
			buildActionMask = 2147483647;
			files = (
				F2AAE9FD27102D160022611F /* Preview Assets.xcassets in Resources */,
				F2AAE9FA27102D160022611F /* Assets.xcassets in Resources */,
			);
			runOnlyForDeploymentPostprocessing = 0;
		};
/* End PBXResourcesBuildPhase section */

/* Begin PBXSourcesBuildPhase section */
		F2AAE9EE27102D150022611F /* Sources */ = {
			isa = PBXSourcesBuildPhase;
			buildActionMask = 2147483647;
			files = (
				F2AAEA13271037010022611F /* LoadingIndicator.swift in Sources */,
				F2AAEA0C271036530022611F /* LoginViewModel.swift in Sources */,
				F2AAEA0A271033E10022611F /* LoginView.swift in Sources */,
				F2AAE9F827102D150022611F /* ContentView.swift in Sources */,
				F2AAEA10271036DB0022611F /* LoadingView.swift in Sources */,
				F2AAEA15271037100022611F /* TextFields.swift in Sources */,
				F2AAE9F627102D150022611F /* LoginTask3CXApp.swift in Sources */,
			);
			runOnlyForDeploymentPostprocessing = 0;
		};
/* End PBXSourcesBuildPhase section */

/* Begin XCBuildConfiguration section */
		F2AAE9FE27102D160022611F /* Debug */ = {
			isa = XCBuildConfiguration;
			buildSettings = {
				ALWAYS_SEARCH_USER_PATHS = NO;
				CLANG_ANALYZER_NONNULL = YES;
				CLANG_ANALYZER_NUMBER_OBJECT_CONVERSION = YES_AGGRESSIVE;
				CLANG_CXX_LANGUAGE_STANDARD = "gnu++17";
				CLANG_CXX_LIBRARY = "libc++";
				CLANG_ENABLE_MODULES = YES;
				CLANG_ENABLE_OBJC_ARC = YES;
				CLANG_ENABLE_OBJC_WEAK = YES;
				CLANG_WARN_BLOCK_CAPTURE_AUTORELEASING = YES;
				CLANG_WARN_BOOL_CONVERSION = YES;
				CLANG_WARN_COMMA = YES;
				CLANG_WARN_CONSTANT_CONVERSION = YES;
				CLANG_WARN_DEPRECATED_OBJC_IMPLEMENTATIONS = YES;
				CLANG_WARN_DIRECT_OBJC_ISA_USAGE = YES_ERROR;
				CLANG_WARN_DOCUMENTATION_COMMENTS = YES;
				CLANG_WARN_EMPTY_BODY = YES;
				CLANG_WARN_ENUM_CONVERSION = YES;
				CLANG_WARN_INFINITE_RECURSION = YES;
				CLANG_WARN_INT_CONVERSION = YES;
				CLANG_WARN_NON_LITERAL_NULL_CONVERSION = YES;
				CLANG_WARN_OBJC_IMPLICIT_RETAIN_SELF = YES;
				CLANG_WARN_OBJC_LITERAL_CONVERSION = YES;
				CLANG_WARN_OBJC_ROOT_CLASS = YES_ERROR;
				CLANG_WARN_QUOTED_INCLUDE_IN_FRAMEWORK_HEADER = YES;
				CLANG_WARN_RANGE_LOOP_ANALYSIS = YES;
				CLANG_WARN_STRICT_PROTOTYPES = YES;
				CLANG_WARN_SUSPICIOUS_MOVE = YES;
				CLANG_WARN_UNGUARDED_AVAILABILITY = YES_AGGRESSIVE;
				CLANG_WARN_UNREACHABLE_CODE = YES;
				CLANG_WARN__DUPLICATE_METHOD_MATCH = YES;
				COPY_PHASE_STRIP = NO;
				DEBUG_INFORMATION_FORMAT = dwarf;
				ENABLE_STRICT_OBJC_MSGSEND = YES;
				ENABLE_TESTABILITY = YES;
				GCC_C_LANGUAGE_STANDARD = gnu11;
				GCC_DYNAMIC_NO_PIC = NO;
				GCC_NO_COMMON_BLOCKS = YES;
				GCC_OPTIMIZATION_LEVEL = 0;
				GCC_PREPROCESSOR_DEFINITIONS = (
					"DEBUG=1",
					"$(inherited)",
				);
				GCC_WARN_64_TO_32_BIT_CONVERSION = YES;
				GCC_WARN_ABOUT_RETURN_TYPE = YES_ERROR;
				GCC_WARN_UNDECLARED_SELECTOR = YES;
				GCC_WARN_UNINITIALIZED_AUTOS = YES_AGGRESSIVE;
				GCC_WARN_UNUSED_FUNCTION = YES;
				GCC_WARN_UNUSED_VARIABLE = YES;
				IPHONEOS_DEPLOYMENT_TARGET = 15.0;
				MTL_ENABLE_DEBUG_INFO = INCLUDE_SOURCE;
				MTL_FAST_MATH = YES;
				ONLY_ACTIVE_ARCH = YES;
				SDKROOT = iphoneos;
				SWIFT_ACTIVE_COMPILATION_CONDITIONS = DEBUG;
				SWIFT_OPTIMIZATION_LEVEL = "-Onone";
			};
			name = Debug;
		};
		F2AAE9FF27102D160022611F /* Release */ = {
			isa = XCBuildConfiguration;
			buildSettings = {
				ALWAYS_SEARCH_USER_PATHS = NO;
				CLANG_ANALYZER_NONNULL = YES;
				CLANG_ANALYZER_NUMBER_OBJECT_CONVERSION = YES_AGGRESSIVE;
				CLANG_CXX_LANGUAGE_STANDARD = "gnu++17";
				CLANG_CXX_LIBRARY = "libc++";
				CLANG_ENABLE_MODULES = YES;
				CLANG_ENABLE_OBJC_ARC = YES;
				CLANG_ENABLE_OBJC_WEAK = YES;
				CLANG_WARN_BLOCK_CAPTURE_AUTORELEASING = YES;
				CLANG_WARN_BOOL_CONVERSION = YES;
				CLANG_WARN_COMMA = YES;
				CLANG_WARN_CONSTANT_CONVERSION = YES;
				CLANG_WARN_DEPRECATED_OBJC_IMPLEMENTATIONS = YES;
				CLANG_WARN_DIRECT_OBJC_ISA_USAGE = YES_ERROR;
				CLANG_WARN_DOCUMENTATION_COMMENTS = YES;
				CLANG_WARN_EMPTY_BODY = YES;
				CLANG_WARN_ENUM_CONVERSION = YES;
				CLANG_WARN_INFINITE_RECURSION = YES;
				CLANG_WARN_INT_CONVERSION = YES;
				CLANG_WARN_NON_LITERAL_NULL_CONVERSION = YES;
				CLANG_WARN_OBJC_IMPLICIT_RETAIN_SELF = YES;
				CLANG_WARN_OBJC_LITERAL_CONVERSION = YES;
				CLANG_WARN_OBJC_ROOT_CLASS = YES_ERROR;
				CLANG_WARN_QUOTED_INCLUDE_IN_FRAMEWORK_HEADER = YES;
				CLANG_WARN_RANGE_LOOP_ANALYSIS = YES;
				CLANG_WARN_STRICT_PROTOTYPES = YES;
				CLANG_WARN_SUSPICIOUS_MOVE = YES;
				CLANG_WARN_UNGUARDED_AVAILABILITY = YES_AGGRESSIVE;
				CLANG_WARN_UNREACHABLE_CODE = YES;
				CLANG_WARN__DUPLICATE_METHOD_MATCH = YES;
				COPY_PHASE_STRIP = NO;
				DEBUG_INFORMATION_FORMAT = "dwarf-with-dsym";
				ENABLE_NS_ASSERTIONS = NO;
				ENABLE_STRICT_OBJC_MSGSEND = YES;
				GCC_C_LANGUAGE_STANDARD = gnu11;
				GCC_NO_COMMON_BLOCKS = YES;
				GCC_WARN_64_TO_32_BIT_CONVERSION = YES;
				GCC_WARN_ABOUT_RETURN_TYPE = YES_ERROR;
				GCC_WARN_UNDECLARED_SELECTOR = YES;
				GCC_WARN_UNINITIALIZED_AUTOS = YES_AGGRESSIVE;
				GCC_WARN_UNUSED_FUNCTION = YES;
				GCC_WARN_UNUSED_VARIABLE = YES;
				IPHONEOS_DEPLOYMENT_TARGET = 15.0;
				MTL_ENABLE_DEBUG_INFO = NO;
				MTL_FAST_MATH = YES;
				SDKROOT = iphoneos;
				SWIFT_COMPILATION_MODE = wholemodule;
				SWIFT_OPTIMIZATION_LEVEL = "-O";
				VALIDATE_PRODUCT = YES;
			};
			name = Release;
		};
		F2AAEA0127102D170022611F /* Debug */ = {
			isa = XCBuildConfiguration;
			buildSettings = {
				ASSETCATALOG_COMPILER_APPICON_NAME = AppIcon;
				ASSETCATALOG_COMPILER_GLOBAL_ACCENT_COLOR_NAME = AccentColor;
				CODE_SIGN_STYLE = Automatic;
				CURRENT_PROJECT_VERSION = 1;
				DEVELOPMENT_ASSET_PATHS = "\"LoginTask3CX/Preview Content\"";
				DEVELOPMENT_TEAM = SVS37WGKLF;
				ENABLE_PREVIEWS = YES;
				GENERATE_INFOPLIST_FILE = YES;
				INFOPLIST_KEY_UIApplicationSceneManifest_Generation = YES;
				INFOPLIST_KEY_UIApplicationSupportsIndirectInputEvents = YES;
				INFOPLIST_KEY_UILaunchScreen_Generation = YES;
				INFOPLIST_KEY_UISupportedInterfaceOrientations_iPad = "UIInterfaceOrientationPortrait UIInterfaceOrientationPortraitUpsideDown UIInterfaceOrientationLandscapeLeft UIInterfaceOrientationLandscapeRight";
				INFOPLIST_KEY_UISupportedInterfaceOrientations_iPhone = "UIInterfaceOrientationPortrait UIInterfaceOrientationLandscapeLeft UIInterfaceOrientationLandscapeRight";
				IPHONEOS_DEPLOYMENT_TARGET = 14.0;
				LD_RUNPATH_SEARCH_PATHS = (
					"$(inherited)",
					"@executable_path/Frameworks",
				);
				MARKETING_VERSION = 1.0;
				PRODUCT_BUNDLE_IDENTIFIER = hassan.com.es.LoginTask3CX;
				PRODUCT_NAME = "$(TARGET_NAME)";
				SWIFT_EMIT_LOC_STRINGS = YES;
				SWIFT_VERSION = 5.0;
				TARGETED_DEVICE_FAMILY = "1,2";
			};
			name = Debug;
		};
		F2AAEA0227102D170022611F /* Release */ = {
			isa = XCBuildConfiguration;
			buildSettings = {
				ASSETCATALOG_COMPILER_APPICON_NAME = AppIcon;
				ASSETCATALOG_COMPILER_GLOBAL_ACCENT_COLOR_NAME = AccentColor;
				CODE_SIGN_STYLE = Automatic;
				CURRENT_PROJECT_VERSION = 1;
				DEVELOPMENT_ASSET_PATHS = "\"LoginTask3CX/Preview Content\"";
				DEVELOPMENT_TEAM = SVS37WGKLF;
				ENABLE_PREVIEWS = YES;
				GENERATE_INFOPLIST_FILE = YES;
				INFOPLIST_KEY_UIApplicationSceneManifest_Generation = YES;
				INFOPLIST_KEY_UIApplicationSupportsIndirectInputEvents = YES;
				INFOPLIST_KEY_UILaunchScreen_Generation = YES;
				INFOPLIST_KEY_UISupportedInterfaceOrientations_iPad = "UIInterfaceOrientationPortrait UIInterfaceOrientationPortraitUpsideDown UIInterfaceOrientationLandscapeLeft UIInterfaceOrientationLandscapeRight";
				INFOPLIST_KEY_UISupportedInterfaceOrientations_iPhone = "UIInterfaceOrientationPortrait UIInterfaceOrientationLandscapeLeft UIInterfaceOrientationLandscapeRight";
				IPHONEOS_DEPLOYMENT_TARGET = 14.0;
				LD_RUNPATH_SEARCH_PATHS = (
					"$(inherited)",
					"@executable_path/Frameworks",
				);
				MARKETING_VERSION = 1.0;
				PRODUCT_BUNDLE_IDENTIFIER = hassan.com.es.LoginTask3CX;
				PRODUCT_NAME = "$(TARGET_NAME)";
				SWIFT_EMIT_LOC_STRINGS = YES;
				SWIFT_VERSION = 5.0;
				TARGETED_DEVICE_FAMILY = "1,2";
			};
			name = Release;
		};
/* End XCBuildConfiguration section */

/* Begin XCConfigurationList section */
		F2AAE9ED27102D150022611F /* Build configuration list for PBXProject "LoginTask3CX" */ = {
			isa = XCConfigurationList;
			buildConfigurations = (
				F2AAE9FE27102D160022611F /* Debug */,
				F2AAE9FF27102D160022611F /* Release */,
			);
			defaultConfigurationIsVisible = 0;
			defaultConfigurationName = Release;
		};
		F2AAEA0027102D170022611F /* Build configuration list for PBXNativeTarget "LoginTask3CX" */ = {
			isa = XCConfigurationList;
			buildConfigurations = (
				F2AAEA0127102D170022611F /* Debug */,
				F2AAEA0227102D170022611F /* Release */,
			);
			defaultConfigurationIsVisible = 0;
			defaultConfigurationName = Release;
		};
/* End XCConfigurationList section */
	};
	rootObject = F2AAE9EA27102D150022611F /* Project object */;
}
